
Microsoft Visual Studio Solution File, Format Version 12.00
# Visual Studio Version 17
VisualStudioVersion = 17.3.32811.315
MinimumVisualStudioVersion = 10.0.40219.1
Project("{FAE04EC0-301F-11D3-BF4B-00C04F79EFBC}") = "Learning Proj.", "..\Learning Proj\Learning Proj\Learning Proj..csproj", "{16699013-EACE-49F5-BB5A-F6C85ECF7D6C}"
EndProject
Global
	GlobalSection(SolutionConfigurationPlatforms) = preSolution
		Debug|Any CPU = Debug|Any CPU
		Release|Any CPU = Release|Any CPU
	EndGlobalSection
	GlobalSection(ProjectConfigurationPlatforms) = postSolution
		{16699013-EACE-49F5-BB5A-F6C85ECF7D6C}.Debug|Any CPU.ActiveCfg = Debug|Any CPU
		{16699013-EACE-49F5-BB5A-F6C85ECF7D6C}.Debug|Any CPU.Build.0 = Debug|Any CPU
		{16699013-EACE-49F5-BB5A-F6C85ECF7D6C}.Release|Any CPU.ActiveCfg = Release|Any CPU
		{16699013-EACE-49F5-BB5A-F6C85ECF7D6C}.Release|Any CPU.Build.0 = Release|Any CPU
	EndGlobalSection
	GlobalSection(SolutionProperties) = preSolution
		HideSolutionNode = FALSE
	EndGlobalSection
	GlobalSection(ExtensibilityGlobals) = postSolution
		SolutionGuid = {37D6D622-86DA-4463-9BE7-22D0D37F2DC5}
	EndGlobalSection
EndGlobal
